{
  "nodes": {
    "dankMaterialShell": {
      "inputs": {
        "dgop": [
          "dgop"
        ],
        "nixpkgs": [
          "nixpkgs"
        ]
      },
      "locked": {
        "lastModified": 1764303153,
        "narHash": "sha256-9zi/sP7Z2+Sd5ClNSkrigtImFd+ykOStu173jCHozDY=",
        "owner": "AvengeMedia",
        "repo": "DankMaterialShell",
        "rev": "022102107866ad658e88c3ce21491991c9dcd14d",
        "type": "github"
      },
      "original": {
        "owner": "AvengeMedia",
        "repo": "DankMaterialShell",
        "type": "github"
      }
    },
    "dgop": {
      "inputs": {
        "nixpkgs": [
          "nixpkgs"
        ]
      },
      "locked": {
        "lastModified": 1762835999,
        "narHash": "sha256-UykYGrGFOFTmDpKTLNxj1wvd1gbDG4TkqLNSbV0TYwk=",
        "owner": "AvengeMedia",
        "repo": "dgop",
        "rev": "799301991cd5dcea9b64245f9d500dcc76615653",
        "type": "github"
      },
      "original": {
        "owner": "AvengeMedia",
        "repo": "dgop",
        "type": "github"
      }
    },
    "home-manager": {
      "inputs": {
        "nixpkgs": [
          "nixpkgs"
        ]
      },
      "locked": {
        "lastModified": 1764177491,
        "narHash": "sha256-dhX2abFWxeXab3Aad4Pg1xGtn9W84/qetNXfmYUwktw=",
        "owner": "nix-community",
        "repo": "home-manager",
        "rev": "2217780c39169a9c77915200137550c2ef0fa974",
        "type": "github"
      },
      "original": {
        "owner": "nix-community",
        "ref": "release-25.11",
        "repo": "home-manager",
        "type": "github"
      }
    },
    "nixos-hardware": {
      "locked": {
        "lastModified": 1764269296,
        "narHash": "sha256-lXAKymcMNIvuw3WLHBhdNWUs1bXl/BYWBtYNhhK+D1s=",
        "owner": "nixos",
        "repo": "nixos-hardware",
        "rev": "00e9525fb65da500852aae7bef666071eedf1b3e",
        "type": "github"
      },
      "original": {
        "owner": "nixos",
        "ref": "master",
        "repo": "nixos-hardware",
        "type": "github"
      }
    },
    "nixpkgs": {
      "locked": {
        "lastModified": 1763966396,
        "narHash": "sha256-6eeL1YPcY1MV3DDStIDIdy/zZCDKgHdkCmsrLJFiZf0=",
        "owner": "nixos",
        "repo": "nixpkgs",
        "rev": "5ae3b07d8d6527c42f17c876e404993199144b6a",
        "type": "github"
      },
      "original": {
        "owner": "nixos",
        "ref": "nixos-unstable",
        "repo": "nixpkgs",
        "type": "github"
      }
    },
    "root": {
      "inputs": {
        "dankMaterialShell": "dankMaterialShell",
        "dgop": "dgop",
        "home-manager": "home-manager",
        "nixos-hardware": "nixos-hardware",
        "nixpkgs": "nixpkgs"
      }
    }
  },
  "root": "root",
  "version": 7
}
