{
  "nodes": {
    "home-manager": {
      "inputs": {
        "nixpkgs": [
          "nixpkgs"
        ]
      },
      "locked": {
        "lastModified": 1740845322,
        "narHash": "sha256-AXEgFj3C0YJhu9k1OhbRhiA6FnDr81dQZ65U3DhaWpw=",
        "owner": "nix-community",
        "repo": "home-manager",
        "rev": "fcac3d6d88302a5e64f6cb8014ac785e08874c8d",
        "type": "github"
      },
      "original": {
        "owner": "nix-community",
        "repo": "home-manager",
        "type": "github"
      }
    },
    "nixos-hardware": {
      "locked": {
        "lastModified": 1740646007,
        "narHash": "sha256-dMReDQobS3kqoiUCQIYI9c0imPXRZnBubX20yX/G5LE=",
        "owner": "nixos",
        "repo": "nixos-hardware",
        "rev": "009b764ac98a3602d41fc68072eeec5d24fc0e49",
        "type": "github"
      },
      "original": {
        "owner": "nixos",
        "ref": "master",
        "repo": "nixos-hardware",
        "type": "github"
      }
    },
    "nixos-unstable-small": {
      "locked": {
        "lastModified": 1740938536,
        "narHash": "sha256-m6Lz7cRoZ8GS7tziYrNWv0WXTYtKx3oOC9Bwa6a13EA=",
        "owner": "nixos",
        "repo": "nixpkgs",
        "rev": "2ffed2bc3d27861b821f9bec127cf51a4dbfabb4",
        "type": "github"
      },
      "original": {
        "owner": "nixos",
        "ref": "nixos-unstable-small",
        "repo": "nixpkgs",
        "type": "github"
      }
    },
    "nixpkgs": {
      "locked": {
        "lastModified": 1740828860,
        "narHash": "sha256-cjbHI+zUzK5CPsQZqMhE3npTyYFt9tJ3+ohcfaOF/WM=",
        "owner": "nixos",
        "repo": "nixpkgs",
        "rev": "303bd8071377433a2d8f76e684ec773d70c5b642",
        "type": "github"
      },
      "original": {
        "owner": "nixos",
        "ref": "nixos-unstable",
        "repo": "nixpkgs",
        "type": "github"
      }
    },
    "root": {
      "inputs": {
        "home-manager": "home-manager",
        "nixos-hardware": "nixos-hardware",
        "nixos-unstable-small": "nixos-unstable-small",
        "nixpkgs": "nixpkgs"
      }
    }
  },
  "root": "root",
  "version": 7
}
